
Microsoft Visual Studio Solution File, Format Version 12.00
# Visual Studio Version 17
VisualStudioVersion = 17.0.31919.166
MinimumVisualStudioVersion = 10.0.40219.1
Project("{FAE04EC0-301F-11D3-BF4B-00C04F79EFBC}") = "KolekcijaList", "KolekcijaList.csproj", "{746DDF23-C5F8-4A12-97C6-B39431E10342}"
EndProject
Global
	GlobalSection(SolutionConfigurationPlatforms) = preSolution
		Debug|Any CPU = Debug|Any CPU
		Release|Any CPU = Release|Any CPU
	EndGlobalSection
	GlobalSection(ProjectConfigurationPlatforms) = postSolution
		{746DDF23-C5F8-4A12-97C6-B39431E10342}.Debug|Any CPU.ActiveCfg = Debug|Any CPU
		{746DDF23-C5F8-4A12-97C6-B39431E10342}.Debug|Any CPU.Build.0 = Debug|Any CPU
		{746DDF23-C5F8-4A12-97C6-B39431E10342}.Release|Any CPU.ActiveCfg = Release|Any CPU
		{746DDF23-C5F8-4A12-97C6-B39431E10342}.Release|Any CPU.Build.0 = Release|Any CPU
	EndGlobalSection
	GlobalSection(SolutionProperties) = preSolution
		HideSolutionNode = FALSE
	EndGlobalSection
	GlobalSection(ExtensibilityGlobals) = postSolution
		SolutionGuid = {8308C912-077B-491B-8A4B-2409162352C0}
	EndGlobalSection
EndGlobal
